
Microsoft Visual Studio Solution File, Format Version 12.00
# Visual Studio Version 17
VisualStudioVersion = 17.5.002.0
MinimumVisualStudioVersion = 10.0.40219.1
Project("{9A19103F-16F7-4668-BE54-9A1E7A4F7556}") = "helloworld", "helloworld.csproj", "{635B9B47-3CFC-47C1-BD20-431336F9981D}"
EndProject
Global
	GlobalSection(SolutionConfigurationPlatforms) = preSolution
		Debug|Any CPU = Debug|Any CPU
		Release|Any CPU = Release|Any CPU
	EndGlobalSection
	GlobalSection(ProjectConfigurationPlatforms) = postSolution
		{635B9B47-3CFC-47C1-BD20-431336F9981D}.Debug|Any CPU.ActiveCfg = Debug|Any CPU
		{635B9B47-3CFC-47C1-BD20-431336F9981D}.Debug|Any CPU.Build.0 = Debug|Any CPU
		{635B9B47-3CFC-47C1-BD20-431336F9981D}.Release|Any CPU.ActiveCfg = Release|Any CPU
		{635B9B47-3CFC-47C1-BD20-431336F9981D}.Release|Any CPU.Build.0 = Release|Any CPU
	EndGlobalSection
	GlobalSection(SolutionProperties) = preSolution
		HideSolutionNode = FALSE
	EndGlobalSection
	GlobalSection(ExtensibilityGlobals) = postSolution
		SolutionGuid = {4E7E43E7-E607-46EE-AD10-127F3126937E}
	EndGlobalSection
EndGlobal
